PODS:
  - AFNetworking (1.3.4)
  - AFOAuth2Client (0.1.2):
    - AFNetworking (~> 1.3)
  - Kiwi/ARC (2.2.4)
  - Kiwi/NonARC (2.2.4)
  - Kiwi/XCTest (2.2.4):
    - Kiwi/ARC
    - Kiwi/NonARC
  - PMSSDataServices (0.1.0):
    - AFOAuth2Client

DEPENDENCIES:
  - Kiwi/XCTest
  - PMSSDataServices (from `./`)

EXTERNAL SOURCES:
  PMSSDataServices:
    :path: ./

SPEC CHECKSUMS:
  AFNetworking: 80c4e0652b08eb34e25b9c0ff3c82556fe5967b4
  AFOAuth2Client: 4f05d29e0a26c7ddf529dd7c4480af6ee1e982c6
  Kiwi: c73667f2b84cbf36f1a3830267c5a4ae8dcbd8ba
  PMSSDataServices: 3de65e70bd8e727e34e85d107b4292bf2ea57105

COCOAPODS: 0.33.1
