PODS:
  - AFNetworking (1.3.4)
  - AFOAuth2Client (0.1.2):
    - AFNetworking (~> 1.3)
  - Kiwi (2.3.0)
  - MSSData (1.0.0):
    - AFOAuth2Client

DEPENDENCIES:
  - Kiwi
  - MSSData (from `./`)

EXTERNAL SOURCES:
  MSSData:
    :path: ./

SPEC CHECKSUMS:
  AFNetworking: 80c4e0652b08eb34e25b9c0ff3c82556fe5967b4
  AFOAuth2Client: 4f05d29e0a26c7ddf529dd7c4480af6ee1e982c6
  Kiwi: 54bece5b35564d9b8e03c608d926f1a22fcfc589
  MSSData: df78635b9a0e25404852ae70091d1dc0f2d4de58

COCOAPODS: 0.33.1
