// !$*UTF8*$!
{
	archiveVersion = 1;
	classes = {
	};
	objectVersion = 46;
	objects = {

/* Begin PBXBuildFile section */
		1AFA377B07AC42BAA0E2B2A4 /* libPods-PCFDataServices Example.a in Frameworks */ = {isa = PBXBuildFile; fileRef = DAE95FB68F0640759F313BE6 /* libPods-PCFDataServices Example.a */; };
		5718CABC19423DBB00761429 /* PCFSignInViewController.m in Sources */ = {isa = PBXBuildFile; fileRef = 5718CABB19423DBB00761429 /* PCFSignInViewController.m */; };
		5718CAC219425D9800761429 /* PCFDataTableViewController.m in Sources */ = {isa = PBXBuildFile; fileRef = 5718CAC119425D9800761429 /* PCFDataTableViewController.m */; };
		57982FA11948FA8F006B71A7 /* PCFShowJSONViewController.m in Sources */ = {isa = PBXBuildFile; fileRef = 57982FA01948FA8F006B71A7 /* PCFShowJSONViewController.m */; };
		F1B601C51925257200B65371 /* InfoPlist.strings in Resources */ = {isa = PBXBuildFile; fileRef = F1B601C31925257200B65371 /* InfoPlist.strings */; };
		F1B601C71925257200B65371 /* main.m in Sources */ = {isa = PBXBuildFile; fileRef = F1B601C61925257200B65371 /* main.m */; };
		F1B601CB1925257200B65371 /* PCFAppDelegate.m in Sources */ = {isa = PBXBuildFile; fileRef = F1B601CA1925257200B65371 /* PCFAppDelegate.m */; };
		F1B601CE1925257200B65371 /* Main.storyboard in Resources */ = {isa = PBXBuildFile; fileRef = F1B601CC1925257200B65371 /* Main.storyboard */; };
		F1B601D31925257200B65371 /* Images.xcassets in Resources */ = {isa = PBXBuildFile; fileRef = F1B601D21925257200B65371 /* Images.xcassets */; };
/* End PBXBuildFile section */

/* Begin PBXFileReference section */
		5718CABA19423DBB00761429 /* PCFSignInViewController.h */ = {isa = PBXFileReference; fileEncoding = 4; lastKnownFileType = sourcecode.c.h; path = PCFSignInViewController.h; sourceTree = "<group>"; };
		5718CABB19423DBB00761429 /* PCFSignInViewController.m */ = {isa = PBXFileReference; fileEncoding = 4; lastKnownFileType = sourcecode.c.objc; path = PCFSignInViewController.m; sourceTree = "<group>"; };
		5718CAC019425D9800761429 /* PCFDataTableViewController.h */ = {isa = PBXFileReference; fileEncoding = 4; lastKnownFileType = sourcecode.c.h; path = PCFDataTableViewController.h; sourceTree = "<group>"; };
		5718CAC119425D9800761429 /* PCFDataTableViewController.m */ = {isa = PBXFileReference; fileEncoding = 4; lastKnownFileType = sourcecode.c.objc; path = PCFDataTableViewController.m; sourceTree = "<group>"; };
		57982F9F1948FA8F006B71A7 /* PCFShowJSONViewController.h */ = {isa = PBXFileReference; fileEncoding = 4; lastKnownFileType = sourcecode.c.h; path = PCFShowJSONViewController.h; sourceTree = "<group>"; };
		57982FA01948FA8F006B71A7 /* PCFShowJSONViewController.m */ = {isa = PBXFileReference; fileEncoding = 4; lastKnownFileType = sourcecode.c.objc; path = PCFShowJSONViewController.m; sourceTree = "<group>"; };
		66997FFC642446149BED3F9A /* Pods-PCFDataServices Example.xcconfig */ = {isa = PBXFileReference; includeInIndex = 1; lastKnownFileType = text.xcconfig; name = "Pods-PCFDataServices Example.xcconfig"; path = "../Pods/Pods-PCFDataServices Example.xcconfig"; sourceTree = "<group>"; };
		DAE95FB68F0640759F313BE6 /* libPods-PCFDataServices Example.a */ = {isa = PBXFileReference; explicitFileType = archive.ar; includeInIndex = 0; path = "libPods-PCFDataServices Example.a"; sourceTree = BUILT_PRODUCTS_DIR; };
		F1B601B71925257200B65371 /* PCFDataServices Example.app */ = {isa = PBXFileReference; explicitFileType = wrapper.application; includeInIndex = 0; path = "PCFDataServices Example.app"; sourceTree = BUILT_PRODUCTS_DIR; };
		F1B601C21925257200B65371 /* PCFDataServices Example-Info.plist */ = {isa = PBXFileReference; lastKnownFileType = text.plist.xml; path = "PCFDataServices Example-Info.plist"; sourceTree = "<group>"; };
		F1B601C41925257200B65371 /* en */ = {isa = PBXFileReference; lastKnownFileType = text.plist.strings; name = en; path = en.lproj/InfoPlist.strings; sourceTree = "<group>"; };
		F1B601C61925257200B65371 /* main.m */ = {isa = PBXFileReference; lastKnownFileType = sourcecode.c.objc; path = main.m; sourceTree = "<group>"; };
		F1B601C81925257200B65371 /* PCFDataServices Example-Prefix.pch */ = {isa = PBXFileReference; lastKnownFileType = sourcecode.c.h; path = "PCFDataServices Example-Prefix.pch"; sourceTree = "<group>"; };
		F1B601C91925257200B65371 /* PCFAppDelegate.h */ = {isa = PBXFileReference; lastKnownFileType = sourcecode.c.h; path = PCFAppDelegate.h; sourceTree = "<group>"; };
		F1B601CA1925257200B65371 /* PCFAppDelegate.m */ = {isa = PBXFileReference; lastKnownFileType = sourcecode.c.objc; path = PCFAppDelegate.m; sourceTree = "<group>"; };
		F1B601CD1925257200B65371 /* Base */ = {isa = PBXFileReference; lastKnownFileType = file.storyboard; name = Base; path = Base.lproj/Main.storyboard; sourceTree = "<group>"; };
		F1B601D21925257200B65371 /* Images.xcassets */ = {isa = PBXFileReference; lastKnownFileType = folder.assetcatalog; path = Images.xcassets; sourceTree = "<group>"; };
/* End PBXFileReference section */

/* Begin PBXFrameworksBuildPhase section */
		F1B601B41925257200B65371 /* Frameworks */ = {
			isa = PBXFrameworksBuildPhase;
			buildActionMask = 2147483647;
			files = (
				1AFA377B07AC42BAA0E2B2A4 /* libPods-PCFDataServices Example.a in Frameworks */,
			);
			runOnlyForDeploymentPostprocessing = 0;
		};
/* End PBXFrameworksBuildPhase section */

/* Begin PBXGroup section */
		3DFBFBA335484D039ADA1160 /* Frameworks */ = {
			isa = PBXGroup;
			children = (
				DAE95FB68F0640759F313BE6 /* libPods-PCFDataServices Example.a */,
			);
			name = Frameworks;
			sourceTree = "<group>";
		};
		5718CAB919423D9900761429 /* View Controllers */ = {
			isa = PBXGroup;
			children = (
				5718CABA19423DBB00761429 /* PCFSignInViewController.h */,
				5718CABB19423DBB00761429 /* PCFSignInViewController.m */,
				5718CAC019425D9800761429 /* PCFDataTableViewController.h */,
				5718CAC119425D9800761429 /* PCFDataTableViewController.m */,
				57982F9F1948FA8F006B71A7 /* PCFShowJSONViewController.h */,
				57982FA01948FA8F006B71A7 /* PCFShowJSONViewController.m */,
			);
			name = "View Controllers";
			sourceTree = "<group>";
		};
		F1B601AE1925257200B65371 = {
			isa = PBXGroup;
			children = (
				F1B601C01925257200B65371 /* PCFDataServices */,
				F1B601B81925257200B65371 /* Products */,
				3DFBFBA335484D039ADA1160 /* Frameworks */,
				66997FFC642446149BED3F9A /* Pods-PCFDataServices Example.xcconfig */,
			);
			sourceTree = "<group>";
		};
		F1B601B81925257200B65371 /* Products */ = {
			isa = PBXGroup;
			children = (
				F1B601B71925257200B65371 /* PCFDataServices Example.app */,
			);
			name = Products;
			sourceTree = "<group>";
		};
		F1B601C01925257200B65371 /* PCFDataServices */ = {
			isa = PBXGroup;
			children = (
				5718CAB919423D9900761429 /* View Controllers */,
				F1B601C91925257200B65371 /* PCFAppDelegate.h */,
				F1B601CA1925257200B65371 /* PCFAppDelegate.m */,
				F1B601CC1925257200B65371 /* Main.storyboard */,
				F1B601D21925257200B65371 /* Images.xcassets */,
				F1B601C11925257200B65371 /* Supporting Files */,
			);
			path = PCFDataServices;
			sourceTree = "<group>";
		};
		F1B601C11925257200B65371 /* Supporting Files */ = {
			isa = PBXGroup;
			children = (
				F1B601C21925257200B65371 /* PCFDataServices Example-Info.plist */,
				F1B601C31925257200B65371 /* InfoPlist.strings */,
				F1B601C61925257200B65371 /* main.m */,
				F1B601C81925257200B65371 /* PCFDataServices Example-Prefix.pch */,
			);
			name = "Supporting Files";
			sourceTree = "<group>";
		};
/* End PBXGroup section */

/* Begin PBXNativeTarget section */
		F1B601B61925257200B65371 /* PCFDataServices Example */ = {
			isa = PBXNativeTarget;
			buildConfigurationList = F1B601E91925257200B65371 /* Build configuration list for PBXNativeTarget "PCFDataServices Example" */;
			buildPhases = (
				B2FF65AE40C243359C59B010 /* Check Pods Manifest.lock */,
				F1B601B31925257200B65371 /* Sources */,
				F1B601B41925257200B65371 /* Frameworks */,
				F1B601B51925257200B65371 /* Resources */,
				7F6FAE17E02C453A8132EF0D /* Copy Pods Resources */,
			);
			buildRules = (
			);
			dependencies = (
			);
			name = "PCFDataServices Example";
			productName = PCFDataServices;
			productReference = F1B601B71925257200B65371 /* PCFDataServices Example.app */;
			productType = "com.apple.product-type.application";
		};
/* End PBXNativeTarget section */

/* Begin PBXProject section */
		F1B601AF1925257200B65371 /* Project object */ = {
			isa = PBXProject;
			attributes = {
				CLASSPREFIX = PCF;
				LastUpgradeCheck = 0510;
				ORGANIZATIONNAME = Pivotal;
			};
			buildConfigurationList = F1B601B21925257200B65371 /* Build configuration list for PBXProject "PCFDataServices Example" */;
			compatibilityVersion = "Xcode 3.2";
			developmentRegion = English;
			hasScannedForEncodings = 0;
			knownRegions = (
				en,
				Base,
			);
			mainGroup = F1B601AE1925257200B65371;
			productRefGroup = F1B601B81925257200B65371 /* Products */;
			projectDirPath = "";
			projectRoot = "";
			targets = (
				F1B601B61925257200B65371 /* PCFDataServices Example */,
			);
		};
/* End PBXProject section */

/* Begin PBXResourcesBuildPhase section */
		F1B601B51925257200B65371 /* Resources */ = {
			isa = PBXResourcesBuildPhase;
			buildActionMask = 2147483647;
			files = (
				F1B601D31925257200B65371 /* Images.xcassets in Resources */,
				F1B601C51925257200B65371 /* InfoPlist.strings in Resources */,
				F1B601CE1925257200B65371 /* Main.storyboard in Resources */,
			);
			runOnlyForDeploymentPostprocessing = 0;
		};
/* End PBXResourcesBuildPhase section */

/* Begin PBXShellScriptBuildPhase section */
		7F6FAE17E02C453A8132EF0D /* Copy Pods Resources */ = {
			isa = PBXShellScriptBuildPhase;
			buildActionMask = 2147483647;
			files = (
			);
			inputPaths = (
			);
			name = "Copy Pods Resources";
			outputPaths = (
			);
			runOnlyForDeploymentPostprocessing = 0;
			shellPath = /bin/sh;
			shellScript = "\"${SRCROOT}/../Pods/Pods-PCFDataServices Example-resources.sh\"\n";
			showEnvVarsInLog = 0;
		};
		B2FF65AE40C243359C59B010 /* Check Pods Manifest.lock */ = {
			isa = PBXShellScriptBuildPhase;
			buildActionMask = 2147483647;
			files = (
			);
			inputPaths = (
			);
			name = "Check Pods Manifest.lock";
			outputPaths = (
			);
			runOnlyForDeploymentPostprocessing = 0;
			shellPath = /bin/sh;
			shellScript = "diff \"${PODS_ROOT}/../Podfile.lock\" \"${PODS_ROOT}/Manifest.lock\" > /dev/null\nif [[ $? != 0 ]] ; then\n    cat << EOM\nerror: The sandbox is not in sync with the Podfile.lock. Run 'pod install' or update your CocoaPods installation.\nEOM\n    exit 1\nfi\n";
			showEnvVarsInLog = 0;
		};
/* End PBXShellScriptBuildPhase section */

/* Begin PBXSourcesBuildPhase section */
		F1B601B31925257200B65371 /* Sources */ = {
			isa = PBXSourcesBuildPhase;
			buildActionMask = 2147483647;
			files = (
				5718CAC219425D9800761429 /* PCFDataTableViewController.m in Sources */,
				5718CABC19423DBB00761429 /* PCFSignInViewController.m in Sources */,
				57982FA11948FA8F006B71A7 /* PCFShowJSONViewController.m in Sources */,
				F1B601CB1925257200B65371 /* PCFAppDelegate.m in Sources */,
				F1B601C71925257200B65371 /* main.m in Sources */,
			);
			runOnlyForDeploymentPostprocessing = 0;
		};
/* End PBXSourcesBuildPhase section */

/* Begin PBXVariantGroup section */
		F1B601C31925257200B65371 /* InfoPlist.strings */ = {
			isa = PBXVariantGroup;
			children = (
				F1B601C41925257200B65371 /* en */,
			);
			name = InfoPlist.strings;
			sourceTree = "<group>";
		};
		F1B601CC1925257200B65371 /* Main.storyboard */ = {
			isa = PBXVariantGroup;
			children = (
				F1B601CD1925257200B65371 /* Base */,
			);
			name = Main.storyboard;
			sourceTree = "<group>";
		};
/* End PBXVariantGroup section */

/* Begin XCBuildConfiguration section */
		F1B601E71925257200B65371 /* Debug */ = {
			isa = XCBuildConfiguration;
			buildSettings = {
				ALWAYS_SEARCH_USER_PATHS = NO;
				CLANG_CXX_LANGUAGE_STANDARD = "gnu++0x";
				CLANG_CXX_LIBRARY = "libc++";
				CLANG_ENABLE_MODULES = YES;
				CLANG_ENABLE_OBJC_ARC = YES;
				CLANG_WARN_BOOL_CONVERSION = YES;
				CLANG_WARN_CONSTANT_CONVERSION = YES;
				CLANG_WARN_DIRECT_OBJC_ISA_USAGE = YES_ERROR;
				CLANG_WARN_EMPTY_BODY = YES;
				CLANG_WARN_ENUM_CONVERSION = YES;
				CLANG_WARN_INT_CONVERSION = YES;
				CLANG_WARN_OBJC_ROOT_CLASS = YES_ERROR;
				CLANG_WARN__DUPLICATE_METHOD_MATCH = YES;
				"CODE_SIGN_IDENTITY[sdk=iphoneos*]" = "iPhone Developer";
				COPY_PHASE_STRIP = NO;
				GCC_C_LANGUAGE_STANDARD = gnu99;
				GCC_DYNAMIC_NO_PIC = NO;
				GCC_OPTIMIZATION_LEVEL = 0;
				GCC_PREPROCESSOR_DEFINITIONS = (
					"DEBUG=1",
					"$(inherited)",
				);
				GCC_SYMBOLS_PRIVATE_EXTERN = NO;
				GCC_WARN_64_TO_32_BIT_CONVERSION = YES;
				GCC_WARN_ABOUT_RETURN_TYPE = YES_ERROR;
				GCC_WARN_UNDECLARED_SELECTOR = YES;
				GCC_WARN_UNINITIALIZED_AUTOS = YES_AGGRESSIVE;
				GCC_WARN_UNUSED_FUNCTION = YES;
				GCC_WARN_UNUSED_VARIABLE = YES;
				IPHONEOS_DEPLOYMENT_TARGET = 7.0;
				ONLY_ACTIVE_ARCH = YES;
				SDKROOT = iphoneos;
			};
			name = Debug;
		};
		F1B601E81925257200B65371 /* Release */ = {
			isa = XCBuildConfiguration;
			buildSettings = {
				ALWAYS_SEARCH_USER_PATHS = NO;
				CLANG_CXX_LANGUAGE_STANDARD = "gnu++0x";
				CLANG_CXX_LIBRARY = "libc++";
				CLANG_ENABLE_MODULES = YES;
				CLANG_ENABLE_OBJC_ARC = YES;
				CLANG_WARN_BOOL_CONVERSION = YES;
				CLANG_WARN_CONSTANT_CONVERSION = YES;
				CLANG_WARN_DIRECT_OBJC_ISA_USAGE = YES_ERROR;
				CLANG_WARN_EMPTY_BODY = YES;
				CLANG_WARN_ENUM_CONVERSION = YES;
				CLANG_WARN_INT_CONVERSION = YES;
				CLANG_WARN_OBJC_ROOT_CLASS = YES_ERROR;
				CLANG_WARN__DUPLICATE_METHOD_MATCH = YES;
				"CODE_SIGN_IDENTITY[sdk=iphoneos*]" = "iPhone Developer";
				COPY_PHASE_STRIP = YES;
				ENABLE_NS_ASSERTIONS = NO;
				GCC_C_LANGUAGE_STANDARD = gnu99;
				GCC_WARN_64_TO_32_BIT_CONVERSION = YES;
				GCC_WARN_ABOUT_RETURN_TYPE = YES_ERROR;
				GCC_WARN_UNDECLARED_SELECTOR = YES;
				GCC_WARN_UNINITIALIZED_AUTOS = YES_AGGRESSIVE;
				GCC_WARN_UNUSED_FUNCTION = YES;
				GCC_WARN_UNUSED_VARIABLE = YES;
				IPHONEOS_DEPLOYMENT_TARGET = 7.0;
				SDKROOT = iphoneos;
				VALIDATE_PRODUCT = YES;
			};
			name = Release;
		};
		F1B601EA1925257200B65371 /* Debug */ = {
			isa = XCBuildConfiguration;
			baseConfigurationReference = 66997FFC642446149BED3F9A /* Pods-PCFDataServices Example.xcconfig */;
			buildSettings = {
				ASSETCATALOG_COMPILER_APPICON_NAME = AppIcon;
				ASSETCATALOG_COMPILER_LAUNCHIMAGE_NAME = LaunchImage;
				CODE_SIGN_IDENTITY = "iPhone Developer: Robert Szumlakowski (TAAP59C578)";
				FRAMEWORK_SEARCH_PATHS = "\"$(PODS_ROOT)/google-plus-ios-sdk/google-plus-ios-sdk-1.5.1\"";
				GCC_PRECOMPILE_PREFIX_HEADER = YES;
				GCC_PREFIX_HEADER = "PCFDataServices/PCFDataServices Example-Prefix.pch";
				INFOPLIST_FILE = "PCFDataServices/PCFDataServices Example-Info.plist";
				PRODUCT_NAME = "PCFDataServices Example";
				WRAPPER_EXTENSION = app;
			};
			name = Debug;
		};
		F1B601EB1925257200B65371 /* Release */ = {
			isa = XCBuildConfiguration;
			baseConfigurationReference = 66997FFC642446149BED3F9A /* Pods-PCFDataServices Example.xcconfig */;
			buildSettings = {
				ASSETCATALOG_COMPILER_APPICON_NAME = AppIcon;
				ASSETCATALOG_COMPILER_LAUNCHIMAGE_NAME = LaunchImage;
				CODE_SIGN_IDENTITY = "iPhone Developer: Robert Szumlakowski (TAAP59C578)";
				FRAMEWORK_SEARCH_PATHS = "\"$(PODS_ROOT)/google-plus-ios-sdk/google-plus-ios-sdk-1.5.1\"";
				GCC_PRECOMPILE_PREFIX_HEADER = YES;
				GCC_PREFIX_HEADER = "PCFDataServices/PCFDataServices Example-Prefix.pch";
				INFOPLIST_FILE = "PCFDataServices/PCFDataServices Example-Info.plist";
				PRODUCT_NAME = "PCFDataServices Example";
				WRAPPER_EXTENSION = app;
			};
			name = Release;
		};
/* End XCBuildConfiguration section */

/* Begin XCConfigurationList section */
		F1B601B21925257200B65371 /* Build configuration list for PBXProject "PCFDataServices Example" */ = {
			isa = XCConfigurationList;
			buildConfigurations = (
				F1B601E71925257200B65371 /* Debug */,
				F1B601E81925257200B65371 /* Release */,
			);
			defaultConfigurationIsVisible = 0;
			defaultConfigurationName = Release;
		};
		F1B601E91925257200B65371 /* Build configuration list for PBXNativeTarget "PCFDataServices Example" */ = {
			isa = XCConfigurationList;
			buildConfigurations = (
				F1B601EA1925257200B65371 /* Debug */,
				F1B601EB1925257200B65371 /* Release */,
			);
			defaultConfigurationIsVisible = 0;
			defaultConfigurationName = Release;
		};
/* End XCConfigurationList section */
	};
	rootObject = F1B601AF1925257200B65371 /* Project object */;
}
