// !$*UTF8*$!
{
	archiveVersion = 1;
	classes = {
	};
	objectVersion = 46;
	objects = {

/* Begin PBXAggregateTarget section */
		E12CD0291A2E2E6600EFC209 /* PCFUniversal */ = {
			isa = PBXAggregateTarget;
			buildConfigurationList = E12CD02A1A2E2E6600EFC209 /* Build configuration list for PBXAggregateTarget "PCFUniversal" */;
			buildPhases = (
				E11765851A3246A800EF6B01 /* ShellScript */,
			);
			dependencies = (
			);
			name = PCFUniversal;
			productName = PCFUniversal;
		};
/* End PBXAggregateTarget section */

/* Begin PBXBuildFile section */
		E11765871A325BF800EF6B01 /* PCFEtagStoreTests.m in Sources */ = {isa = PBXBuildFile; fileRef = E11765861A325BF800EF6B01 /* PCFEtagStoreTests.m */; };
		E117658B1A35F87C00EF6B01 /* PCFEtagStore.m in Sources */ = {isa = PBXBuildFile; fileRef = E117658A1A35F87C00EF6B01 /* PCFEtagStore.m */; };
		E11765A61A362E7800EF6B01 /* PCFEtagStore.h in Headers */ = {isa = PBXBuildFile; fileRef = E11765891A35F5A600EF6B01 /* PCFEtagStore.h */; settings = {ATTRIBUTES = (Public, ); }; };
		E11765A91A3640B800EF6B01 /* PCFConfig.h in Headers */ = {isa = PBXBuildFile; fileRef = E11765A71A3640B800EF6B01 /* PCFConfig.h */; settings = {ATTRIBUTES = (Public, ); }; };
		E11765AA1A3640B800EF6B01 /* PCFConfig.m in Sources */ = {isa = PBXBuildFile; fileRef = E11765A81A3640B800EF6B01 /* PCFConfig.m */; };
		E11765AC1A3640CC00EF6B01 /* PCFConfigTests.m in Sources */ = {isa = PBXBuildFile; fileRef = E11765AB1A3640CC00EF6B01 /* PCFConfigTests.m */; };
		E11765B11A374A9E00EF6B01 /* Pivotal.plist in Resources */ = {isa = PBXBuildFile; fileRef = E11765AF1A36430F00EF6B01 /* Pivotal.plist */; };
		E11765FC1A38D88B00EF6B01 /* PCFLogger.h in Headers */ = {isa = PBXBuildFile; fileRef = E11765FA1A38D88B00EF6B01 /* PCFLogger.h */; settings = {ATTRIBUTES = (Public, ); }; };
		E11765FD1A38D88B00EF6B01 /* PCFLogger.m in Sources */ = {isa = PBXBuildFile; fileRef = E11765FB1A38D88B00EF6B01 /* PCFLogger.m */; };
		E11766131A38E13E00EF6B01 /* PCFLoggerTests.m in Sources */ = {isa = PBXBuildFile; fileRef = E11766121A38E13E00EF6B01 /* PCFLoggerTests.m */; };
		E12CCF781A27D27B00EFC209 /* PCFData.framework in Frameworks */ = {isa = PBXBuildFile; fileRef = E12CCF6C1A27D27B00EFC209 /* PCFData.framework */; };
		E12CCFB91A27D36000EFC209 /* PCFData.h in Headers */ = {isa = PBXBuildFile; fileRef = E12CCFA81A27D36000EFC209 /* PCFData.h */; settings = {ATTRIBUTES = (Public, ); }; };
		E12CCFBB1A27D36000EFC209 /* PCFDataObject.h in Headers */ = {isa = PBXBuildFile; fileRef = E12CCFAA1A27D36000EFC209 /* PCFDataObject.h */; settings = {ATTRIBUTES = (Public, ); }; };
		E12CCFBC1A27D36000EFC209 /* PCFDataObject.m in Sources */ = {isa = PBXBuildFile; fileRef = E12CCFAB1A27D36000EFC209 /* PCFDataObject.m */; };
		E12CCFBD1A27D36000EFC209 /* PCFDataStore.h in Headers */ = {isa = PBXBuildFile; fileRef = E12CCFAC1A27D36000EFC209 /* PCFDataStore.h */; settings = {ATTRIBUTES = (Public, ); }; };
		E12CCFBE1A27D36000EFC209 /* PCFLocalStore.h in Headers */ = {isa = PBXBuildFile; fileRef = E12CCFAD1A27D36000EFC209 /* PCFLocalStore.h */; settings = {ATTRIBUTES = (Public, ); }; };
		E12CCFBF1A27D36000EFC209 /* PCFLocalStore.m in Sources */ = {isa = PBXBuildFile; fileRef = E12CCFAE1A27D36000EFC209 /* PCFLocalStore.m */; };
		E12CCFC01A27D36000EFC209 /* PCFOfflineStore.h in Headers */ = {isa = PBXBuildFile; fileRef = E12CCFAF1A27D36000EFC209 /* PCFOfflineStore.h */; settings = {ATTRIBUTES = (Public, ); }; };
		E12CCFC11A27D36000EFC209 /* PCFOfflineStore.m in Sources */ = {isa = PBXBuildFile; fileRef = E12CCFB01A27D36000EFC209 /* PCFOfflineStore.m */; };
		E12CCFC21A27D36000EFC209 /* PCFRemoteClient.h in Headers */ = {isa = PBXBuildFile; fileRef = E12CCFB11A27D36000EFC209 /* PCFRemoteClient.h */; settings = {ATTRIBUTES = (Public, ); }; };
		E12CCFC31A27D36000EFC209 /* PCFRemoteClient.m in Sources */ = {isa = PBXBuildFile; fileRef = E12CCFB21A27D36000EFC209 /* PCFRemoteClient.m */; };
		E12CCFC41A27D36000EFC209 /* PCFRemoteStore.h in Headers */ = {isa = PBXBuildFile; fileRef = E12CCFB31A27D36000EFC209 /* PCFRemoteStore.h */; settings = {ATTRIBUTES = (Public, ); }; };
		E12CCFC51A27D36000EFC209 /* PCFRemoteStore.m in Sources */ = {isa = PBXBuildFile; fileRef = E12CCFB41A27D36000EFC209 /* PCFRemoteStore.m */; };
		E12CCFC61A27D36000EFC209 /* PCFRequestCache.h in Headers */ = {isa = PBXBuildFile; fileRef = E12CCFB51A27D36000EFC209 /* PCFRequestCache.h */; settings = {ATTRIBUTES = (Public, ); }; };
		E12CCFC71A27D36000EFC209 /* PCFRequestCache.m in Sources */ = {isa = PBXBuildFile; fileRef = E12CCFB61A27D36000EFC209 /* PCFRequestCache.m */; };
		E12CCFC81A27D36000EFC209 /* PCFResponse.h in Headers */ = {isa = PBXBuildFile; fileRef = E12CCFB71A27D36000EFC209 /* PCFResponse.h */; settings = {ATTRIBUTES = (Public, ); }; };
		E12CCFC91A27D36000EFC209 /* PCFResponse.m in Sources */ = {isa = PBXBuildFile; fileRef = E12CCFB81A27D36000EFC209 /* PCFResponse.m */; };
		E12CCFDD1A27D37D00EFC209 /* PCFDataObjectTests.m in Sources */ = {isa = PBXBuildFile; fileRef = E12CCFCA1A27D37D00EFC209 /* PCFDataObjectTests.m */; };
		E12CCFDE1A27D37D00EFC209 /* PCFDataTests.m in Sources */ = {isa = PBXBuildFile; fileRef = E12CCFCB1A27D37D00EFC209 /* PCFDataTests.m */; };
		E12CCFDF1A27D37D00EFC209 /* PCFLocalStoreTests.m in Sources */ = {isa = PBXBuildFile; fileRef = E12CCFCC1A27D37D00EFC209 /* PCFLocalStoreTests.m */; };
		E12CCFE11A27D37D00EFC209 /* PCFRemoteStoreTests.m in Sources */ = {isa = PBXBuildFile; fileRef = E12CCFCE1A27D37D00EFC209 /* PCFRemoteStoreTests.m */; };
		E12CCFE21A27D37D00EFC209 /* PCFResponseTests.m in Sources */ = {isa = PBXBuildFile; fileRef = E12CCFCF1A27D37D00EFC209 /* PCFResponseTests.m */; };
		E12CCFE51A27D3B500EFC209 /* libOCMock.a in Frameworks */ = {isa = PBXBuildFile; fileRef = E12CCFE41A27D3B500EFC209 /* libOCMock.a */; };
		E12CCFE61A27D84300EFC209 /* PCFOfflineStoreTests.m in Sources */ = {isa = PBXBuildFile; fileRef = E12CCFCD1A27D37D00EFC209 /* PCFOfflineStoreTests.m */; };
		E12CD0201A28F29D00EFC209 /* PCFRemoteClientTests.m in Sources */ = {isa = PBXBuildFile; fileRef = E12CD01F1A28F29D00EFC209 /* PCFRemoteClientTests.m */; };
		E12CD0221A28F4D300EFC209 /* PCFRequestCacheTests.m in Sources */ = {isa = PBXBuildFile; fileRef = E12CD0211A28F4D300EFC209 /* PCFRequestCacheTests.m */; };
		E1ED42D51A2FB73E00D9EF18 /* PCFReachability.h in Headers */ = {isa = PBXBuildFile; fileRef = E1ED42D31A2FB73E00D9EF18 /* PCFReachability.h */; };
		E1ED42D71A2FBB0700D9EF18 /* PCFReachability.m in Sources */ = {isa = PBXBuildFile; fileRef = E1ED42D41A2FB73E00D9EF18 /* PCFReachability.m */; };
/* End PBXBuildFile section */

/* Begin PBXContainerItemProxy section */
		E12CCF791A27D27B00EFC209 /* PBXContainerItemProxy */ = {
			isa = PBXContainerItemProxy;
			containerPortal = E12CCF631A27D27B00EFC209 /* Project object */;
			proxyType = 1;
			remoteGlobalIDString = E12CCF6B1A27D27B00EFC209;
			remoteInfo = PCFData;
		};
/* End PBXContainerItemProxy section */

/* Begin PBXFileReference section */
		E11765861A325BF800EF6B01 /* PCFEtagStoreTests.m */ = {isa = PBXFileReference; fileEncoding = 4; lastKnownFileType = sourcecode.c.objc; path = PCFEtagStoreTests.m; sourceTree = "<group>"; };
		E11765891A35F5A600EF6B01 /* PCFEtagStore.h */ = {isa = PBXFileReference; lastKnownFileType = sourcecode.c.h; path = PCFEtagStore.h; sourceTree = "<group>"; };
		E117658A1A35F87C00EF6B01 /* PCFEtagStore.m */ = {isa = PBXFileReference; fileEncoding = 4; lastKnownFileType = sourcecode.c.objc; path = PCFEtagStore.m; sourceTree = "<group>"; };
		E11765A71A3640B800EF6B01 /* PCFConfig.h */ = {isa = PBXFileReference; fileEncoding = 4; lastKnownFileType = sourcecode.c.h; path = PCFConfig.h; sourceTree = "<group>"; };
		E11765A81A3640B800EF6B01 /* PCFConfig.m */ = {isa = PBXFileReference; fileEncoding = 4; lastKnownFileType = sourcecode.c.objc; path = PCFConfig.m; sourceTree = "<group>"; };
		E11765AB1A3640CC00EF6B01 /* PCFConfigTests.m */ = {isa = PBXFileReference; fileEncoding = 4; lastKnownFileType = sourcecode.c.objc; path = PCFConfigTests.m; sourceTree = "<group>"; };
		E11765AF1A36430F00EF6B01 /* Pivotal.plist */ = {isa = PBXFileReference; fileEncoding = 4; lastKnownFileType = text.plist.xml; name = Pivotal.plist; path = PCFDataTests/Pivotal.plist; sourceTree = SOURCE_ROOT; };
		E11765FA1A38D88B00EF6B01 /* PCFLogger.h */ = {isa = PBXFileReference; fileEncoding = 4; lastKnownFileType = sourcecode.c.h; path = PCFLogger.h; sourceTree = "<group>"; };
		E11765FB1A38D88B00EF6B01 /* PCFLogger.m */ = {isa = PBXFileReference; fileEncoding = 4; lastKnownFileType = sourcecode.c.objc; path = PCFLogger.m; sourceTree = "<group>"; };
		E11766121A38E13E00EF6B01 /* PCFLoggerTests.m */ = {isa = PBXFileReference; fileEncoding = 4; lastKnownFileType = sourcecode.c.objc; path = PCFLoggerTests.m; sourceTree = "<group>"; };
		E12CCF6C1A27D27B00EFC209 /* PCFData.framework */ = {isa = PBXFileReference; explicitFileType = wrapper.framework; includeInIndex = 0; path = PCFData.framework; sourceTree = BUILT_PRODUCTS_DIR; };
		E12CCF701A27D27B00EFC209 /* Info.plist */ = {isa = PBXFileReference; lastKnownFileType = text.plist.xml; path = Info.plist; sourceTree = "<group>"; };
		E12CCF771A27D27B00EFC209 /* PCFDataTests.xctest */ = {isa = PBXFileReference; explicitFileType = wrapper.cfbundle; includeInIndex = 0; path = PCFDataTests.xctest; sourceTree = BUILT_PRODUCTS_DIR; };
		E12CCF7D1A27D27B00EFC209 /* Info.plist */ = {isa = PBXFileReference; lastKnownFileType = text.plist.xml; path = Info.plist; sourceTree = "<group>"; };
		E12CCFA81A27D36000EFC209 /* PCFData.h */ = {isa = PBXFileReference; fileEncoding = 4; lastKnownFileType = sourcecode.c.h; path = PCFData.h; sourceTree = "<group>"; };
		E12CCFAA1A27D36000EFC209 /* PCFDataObject.h */ = {isa = PBXFileReference; fileEncoding = 4; lastKnownFileType = sourcecode.c.h; path = PCFDataObject.h; sourceTree = "<group>"; };
		E12CCFAB1A27D36000EFC209 /* PCFDataObject.m */ = {isa = PBXFileReference; fileEncoding = 4; lastKnownFileType = sourcecode.c.objc; path = PCFDataObject.m; sourceTree = "<group>"; };
		E12CCFAC1A27D36000EFC209 /* PCFDataStore.h */ = {isa = PBXFileReference; fileEncoding = 4; lastKnownFileType = sourcecode.c.h; path = PCFDataStore.h; sourceTree = "<group>"; };
		E12CCFAD1A27D36000EFC209 /* PCFLocalStore.h */ = {isa = PBXFileReference; fileEncoding = 4; lastKnownFileType = sourcecode.c.h; path = PCFLocalStore.h; sourceTree = "<group>"; };
		E12CCFAE1A27D36000EFC209 /* PCFLocalStore.m */ = {isa = PBXFileReference; fileEncoding = 4; lastKnownFileType = sourcecode.c.objc; path = PCFLocalStore.m; sourceTree = "<group>"; };
		E12CCFAF1A27D36000EFC209 /* PCFOfflineStore.h */ = {isa = PBXFileReference; fileEncoding = 4; lastKnownFileType = sourcecode.c.h; path = PCFOfflineStore.h; sourceTree = "<group>"; };
		E12CCFB01A27D36000EFC209 /* PCFOfflineStore.m */ = {isa = PBXFileReference; fileEncoding = 4; lastKnownFileType = sourcecode.c.objc; path = PCFOfflineStore.m; sourceTree = "<group>"; };
		E12CCFB11A27D36000EFC209 /* PCFRemoteClient.h */ = {isa = PBXFileReference; fileEncoding = 4; lastKnownFileType = sourcecode.c.h; path = PCFRemoteClient.h; sourceTree = "<group>"; };
		E12CCFB21A27D36000EFC209 /* PCFRemoteClient.m */ = {isa = PBXFileReference; fileEncoding = 4; lastKnownFileType = sourcecode.c.objc; path = PCFRemoteClient.m; sourceTree = "<group>"; };
		E12CCFB31A27D36000EFC209 /* PCFRemoteStore.h */ = {isa = PBXFileReference; fileEncoding = 4; lastKnownFileType = sourcecode.c.h; path = PCFRemoteStore.h; sourceTree = "<group>"; };
		E12CCFB41A27D36000EFC209 /* PCFRemoteStore.m */ = {isa = PBXFileReference; fileEncoding = 4; lastKnownFileType = sourcecode.c.objc; path = PCFRemoteStore.m; sourceTree = "<group>"; };
		E12CCFB51A27D36000EFC209 /* PCFRequestCache.h */ = {isa = PBXFileReference; fileEncoding = 4; lastKnownFileType = sourcecode.c.h; path = PCFRequestCache.h; sourceTree = "<group>"; };
		E12CCFB61A27D36000EFC209 /* PCFRequestCache.m */ = {isa = PBXFileReference; fileEncoding = 4; lastKnownFileType = sourcecode.c.objc; path = PCFRequestCache.m; sourceTree = "<group>"; };
		E12CCFB71A27D36000EFC209 /* PCFResponse.h */ = {isa = PBXFileReference; fileEncoding = 4; lastKnownFileType = sourcecode.c.h; path = PCFResponse.h; sourceTree = "<group>"; };
		E12CCFB81A27D36000EFC209 /* PCFResponse.m */ = {isa = PBXFileReference; fileEncoding = 4; lastKnownFileType = sourcecode.c.objc; path = PCFResponse.m; sourceTree = "<group>"; };
		E12CCFCA1A27D37D00EFC209 /* PCFDataObjectTests.m */ = {isa = PBXFileReference; fileEncoding = 4; lastKnownFileType = sourcecode.c.objc; path = PCFDataObjectTests.m; sourceTree = "<group>"; };
		E12CCFCB1A27D37D00EFC209 /* PCFDataTests.m */ = {isa = PBXFileReference; fileEncoding = 4; lastKnownFileType = sourcecode.c.objc; path = PCFDataTests.m; sourceTree = "<group>"; };
		E12CCFCC1A27D37D00EFC209 /* PCFLocalStoreTests.m */ = {isa = PBXFileReference; fileEncoding = 4; lastKnownFileType = sourcecode.c.objc; path = PCFLocalStoreTests.m; sourceTree = "<group>"; };
		E12CCFCD1A27D37D00EFC209 /* PCFOfflineStoreTests.m */ = {isa = PBXFileReference; fileEncoding = 4; lastKnownFileType = sourcecode.c.objc; path = PCFOfflineStoreTests.m; sourceTree = "<group>"; };
		E12CCFCE1A27D37D00EFC209 /* PCFRemoteStoreTests.m */ = {isa = PBXFileReference; fileEncoding = 4; lastKnownFileType = sourcecode.c.objc; path = PCFRemoteStoreTests.m; sourceTree = "<group>"; };
		E12CCFCF1A27D37D00EFC209 /* PCFResponseTests.m */ = {isa = PBXFileReference; fileEncoding = 4; lastKnownFileType = sourcecode.c.objc; path = PCFResponseTests.m; sourceTree = "<group>"; };
		E12CCFE41A27D3B500EFC209 /* libOCMock.a */ = {isa = PBXFileReference; lastKnownFileType = archive.ar; name = libOCMock.a; path = PCFDataTests/ThirdParty/OCMockiOS/libOCMock.a; sourceTree = "<group>"; };
		E12CD01F1A28F29D00EFC209 /* PCFRemoteClientTests.m */ = {isa = PBXFileReference; fileEncoding = 4; lastKnownFileType = sourcecode.c.objc; path = PCFRemoteClientTests.m; sourceTree = "<group>"; };
		E12CD0211A28F4D300EFC209 /* PCFRequestCacheTests.m */ = {isa = PBXFileReference; fileEncoding = 4; lastKnownFileType = sourcecode.c.objc; path = PCFRequestCacheTests.m; sourceTree = "<group>"; };
		E1ED42D31A2FB73E00D9EF18 /* PCFReachability.h */ = {isa = PBXFileReference; fileEncoding = 4; lastKnownFileType = sourcecode.c.h; path = PCFReachability.h; sourceTree = "<group>"; };
		E1ED42D41A2FB73E00D9EF18 /* PCFReachability.m */ = {isa = PBXFileReference; fileEncoding = 4; lastKnownFileType = sourcecode.c.objc; path = PCFReachability.m; sourceTree = "<group>"; };
/* End PBXFileReference section */

/* Begin PBXFrameworksBuildPhase section */
		E12CCF681A27D27B00EFC209 /* Frameworks */ = {
			isa = PBXFrameworksBuildPhase;
			buildActionMask = 2147483647;
			files = (
			);
			runOnlyForDeploymentPostprocessing = 0;
		};
		E12CCF741A27D27B00EFC209 /* Frameworks */ = {
			isa = PBXFrameworksBuildPhase;
			buildActionMask = 2147483647;
			files = (
				E12CCFE51A27D3B500EFC209 /* libOCMock.a in Frameworks */,
				E12CCF781A27D27B00EFC209 /* PCFData.framework in Frameworks */,
			);
			runOnlyForDeploymentPostprocessing = 0;
		};
/* End PBXFrameworksBuildPhase section */

/* Begin PBXGroup section */
		E12CCF621A27D27B00EFC209 = {
			isa = PBXGroup;
			children = (
				E12CCFE41A27D3B500EFC209 /* libOCMock.a */,
				E12CCF6E1A27D27B00EFC209 /* PCFData */,
				E12CCF7B1A27D27B00EFC209 /* PCFDataTests */,
				E12CCF6D1A27D27B00EFC209 /* Products */,
			);
			sourceTree = "<group>";
		};
		E12CCF6D1A27D27B00EFC209 /* Products */ = {
			isa = PBXGroup;
			children = (
				E12CCF6C1A27D27B00EFC209 /* PCFData.framework */,
				E12CCF771A27D27B00EFC209 /* PCFDataTests.xctest */,
			);
			name = Products;
			sourceTree = "<group>";
		};
		E12CCF6E1A27D27B00EFC209 /* PCFData */ = {
			isa = PBXGroup;
			children = (
				E12CCF6F1A27D27B00EFC209 /* Supporting Files */,
				E12CCFA81A27D36000EFC209 /* PCFData.h */,
				E12CCFAC1A27D36000EFC209 /* PCFDataStore.h */,
				E12CCFAA1A27D36000EFC209 /* PCFDataObject.h */,
				E12CCFAB1A27D36000EFC209 /* PCFDataObject.m */,
				E11765891A35F5A600EF6B01 /* PCFEtagStore.h */,
				E117658A1A35F87C00EF6B01 /* PCFEtagStore.m */,
				E12CCFAD1A27D36000EFC209 /* PCFLocalStore.h */,
				E12CCFAE1A27D36000EFC209 /* PCFLocalStore.m */,
				E12CCFAF1A27D36000EFC209 /* PCFOfflineStore.h */,
				E12CCFB01A27D36000EFC209 /* PCFOfflineStore.m */,
				E12CCFB11A27D36000EFC209 /* PCFRemoteClient.h */,
				E12CCFB21A27D36000EFC209 /* PCFRemoteClient.m */,
				E12CCFB31A27D36000EFC209 /* PCFRemoteStore.h */,
				E12CCFB41A27D36000EFC209 /* PCFRemoteStore.m */,
				E12CCFB51A27D36000EFC209 /* PCFRequestCache.h */,
				E12CCFB61A27D36000EFC209 /* PCFRequestCache.m */,
				E12CCFB71A27D36000EFC209 /* PCFResponse.h */,
				E12CCFB81A27D36000EFC209 /* PCFResponse.m */,
				E11765A71A3640B800EF6B01 /* PCFConfig.h */,
				E11765A81A3640B800EF6B01 /* PCFConfig.m */,
			);
			path = PCFData;
			sourceTree = "<group>";
		};
		E12CCF6F1A27D27B00EFC209 /* Supporting Files */ = {
			isa = PBXGroup;
			children = (
				E1ED42D31A2FB73E00D9EF18 /* PCFReachability.h */,
				E1ED42D41A2FB73E00D9EF18 /* PCFReachability.m */,
				E11765FA1A38D88B00EF6B01 /* PCFLogger.h */,
				E11765FB1A38D88B00EF6B01 /* PCFLogger.m */,
				E12CCF701A27D27B00EFC209 /* Info.plist */,
			);
			name = "Supporting Files";
			sourceTree = "<group>";
		};
		E12CCF7B1A27D27B00EFC209 /* PCFDataTests */ = {
			isa = PBXGroup;
			children = (
				E12CCF7C1A27D27B00EFC209 /* Supporting Files */,
				E12CCFCB1A27D37D00EFC209 /* PCFDataTests.m */,
				E12CCFCA1A27D37D00EFC209 /* PCFDataObjectTests.m */,
				E12CCFCC1A27D37D00EFC209 /* PCFLocalStoreTests.m */,
				E12CCFCD1A27D37D00EFC209 /* PCFOfflineStoreTests.m */,
				E12CD01F1A28F29D00EFC209 /* PCFRemoteClientTests.m */,
				E12CCFCE1A27D37D00EFC209 /* PCFRemoteStoreTests.m */,
				E12CD0211A28F4D300EFC209 /* PCFRequestCacheTests.m */,
				E12CCFCF1A27D37D00EFC209 /* PCFResponseTests.m */,
				E11765861A325BF800EF6B01 /* PCFEtagStoreTests.m */,
				E11765AB1A3640CC00EF6B01 /* PCFConfigTests.m */,
				E11766121A38E13E00EF6B01 /* PCFLoggerTests.m */,
			);
			path = PCFDataTests;
			sourceTree = "<group>";
		};
		E12CCF7C1A27D27B00EFC209 /* Supporting Files */ = {
			isa = PBXGroup;
			children = (
				E11765AF1A36430F00EF6B01 /* Pivotal.plist */,
				E12CCF7D1A27D27B00EFC209 /* Info.plist */,
			);
			name = "Supporting Files";
			sourceTree = "<group>";
		};
/* End PBXGroup section */

/* Begin PBXHeadersBuildPhase section */
		E12CCF691A27D27B00EFC209 /* Headers */ = {
			isa = PBXHeadersBuildPhase;
			buildActionMask = 2147483647;
			files = (
				E12CCFB91A27D36000EFC209 /* PCFData.h in Headers */,
				E12CCFC01A27D36000EFC209 /* PCFOfflineStore.h in Headers */,
				E12CCFBD1A27D36000EFC209 /* PCFDataStore.h in Headers */,
				E11765A91A3640B800EF6B01 /* PCFConfig.h in Headers */,
				E11765A61A362E7800EF6B01 /* PCFEtagStore.h in Headers */,
				E12CCFC21A27D36000EFC209 /* PCFRemoteClient.h in Headers */,
				E12CCFBE1A27D36000EFC209 /* PCFLocalStore.h in Headers */,
				E12CCFC81A27D36000EFC209 /* PCFResponse.h in Headers */,
				E12CCFC61A27D36000EFC209 /* PCFRequestCache.h in Headers */,
				E12CCFBB1A27D36000EFC209 /* PCFDataObject.h in Headers */,
				E12CCFC41A27D36000EFC209 /* PCFRemoteStore.h in Headers */,
				E11765FC1A38D88B00EF6B01 /* PCFLogger.h in Headers */,
				E1ED42D51A2FB73E00D9EF18 /* PCFReachability.h in Headers */,
			);
			runOnlyForDeploymentPostprocessing = 0;
		};
/* End PBXHeadersBuildPhase section */

/* Begin PBXNativeTarget section */
		E12CCF6B1A27D27B00EFC209 /* PCFData */ = {
			isa = PBXNativeTarget;
			buildConfigurationList = E12CCF821A27D27B00EFC209 /* Build configuration list for PBXNativeTarget "PCFData" */;
			buildPhases = (
				E12CCF671A27D27B00EFC209 /* Sources */,
				E12CCF681A27D27B00EFC209 /* Frameworks */,
				E12CCF691A27D27B00EFC209 /* Headers */,
				E12CCF6A1A27D27B00EFC209 /* Resources */,
			);
			buildRules = (
			);
			dependencies = (
			);
			name = PCFData;
			productName = PCFData;
			productReference = E12CCF6C1A27D27B00EFC209 /* PCFData.framework */;
			productType = "com.apple.product-type.framework";
		};
		E12CCF761A27D27B00EFC209 /* PCFDataTests */ = {
			isa = PBXNativeTarget;
			buildConfigurationList = E12CCF851A27D27B00EFC209 /* Build configuration list for PBXNativeTarget "PCFDataTests" */;
			buildPhases = (
				E12CCF731A27D27B00EFC209 /* Sources */,
				E12CCF741A27D27B00EFC209 /* Frameworks */,
				E12CCF751A27D27B00EFC209 /* Resources */,
			);
			buildRules = (
			);
			dependencies = (
				E12CCF7A1A27D27B00EFC209 /* PBXTargetDependency */,
			);
			name = PCFDataTests;
			productName = PCFDataTests;
			productReference = E12CCF771A27D27B00EFC209 /* PCFDataTests.xctest */;
			productType = "com.apple.product-type.bundle.unit-test";
		};
/* End PBXNativeTarget section */

/* Begin PBXProject section */
		E12CCF631A27D27B00EFC209 /* Project object */ = {
			isa = PBXProject;
			attributes = {
				LastUpgradeCheck = 0610;
				ORGANIZATIONNAME = Pivotal;
				TargetAttributes = {
					E12CCF6B1A27D27B00EFC209 = {
						CreatedOnToolsVersion = 6.1;
					};
					E12CCF761A27D27B00EFC209 = {
						CreatedOnToolsVersion = 6.1;
					};
					E12CD0291A2E2E6600EFC209 = {
						CreatedOnToolsVersion = 6.1;
					};
				};
			};
			buildConfigurationList = E12CCF661A27D27B00EFC209 /* Build configuration list for PBXProject "PCFData" */;
			compatibilityVersion = "Xcode 3.2";
			developmentRegion = English;
			hasScannedForEncodings = 0;
			knownRegions = (
				en,
			);
			mainGroup = E12CCF621A27D27B00EFC209;
			productRefGroup = E12CCF6D1A27D27B00EFC209 /* Products */;
			projectDirPath = "";
			projectRoot = "";
			targets = (
				E12CCF6B1A27D27B00EFC209 /* PCFData */,
				E12CCF761A27D27B00EFC209 /* PCFDataTests */,
				E12CD0291A2E2E6600EFC209 /* PCFUniversal */,
			);
		};
/* End PBXProject section */

/* Begin PBXResourcesBuildPhase section */
		E12CCF6A1A27D27B00EFC209 /* Resources */ = {
			isa = PBXResourcesBuildPhase;
			buildActionMask = 2147483647;
			files = (
			);
			runOnlyForDeploymentPostprocessing = 0;
		};
		E12CCF751A27D27B00EFC209 /* Resources */ = {
			isa = PBXResourcesBuildPhase;
			buildActionMask = 2147483647;
			files = (
				E11765B11A374A9E00EF6B01 /* Pivotal.plist in Resources */,
			);
			runOnlyForDeploymentPostprocessing = 0;
		};
/* End PBXResourcesBuildPhase section */

/* Begin PBXShellScriptBuildPhase section */
		E11765851A3246A800EF6B01 /* ShellScript */ = {
			isa = PBXShellScriptBuildPhase;
			buildActionMask = 2147483647;
			files = (
			);
			inputPaths = (
			);
			outputPaths = (
			);
			runOnlyForDeploymentPostprocessing = 0;
			shellPath = /bin/sh;
			shellScript = ./build.sh;
		};
/* End PBXShellScriptBuildPhase section */

/* Begin PBXSourcesBuildPhase section */
		E12CCF671A27D27B00EFC209 /* Sources */ = {
			isa = PBXSourcesBuildPhase;
			buildActionMask = 2147483647;
			files = (
				E1ED42D71A2FBB0700D9EF18 /* PCFReachability.m in Sources */,
				E12CCFC91A27D36000EFC209 /* PCFResponse.m in Sources */,
				E12CCFBC1A27D36000EFC209 /* PCFDataObject.m in Sources */,
				E11765AA1A3640B800EF6B01 /* PCFConfig.m in Sources */,
				E117658B1A35F87C00EF6B01 /* PCFEtagStore.m in Sources */,
				E11765FD1A38D88B00EF6B01 /* PCFLogger.m in Sources */,
				E12CCFC51A27D36000EFC209 /* PCFRemoteStore.m in Sources */,
				E12CCFC11A27D36000EFC209 /* PCFOfflineStore.m in Sources */,
				E12CCFBF1A27D36000EFC209 /* PCFLocalStore.m in Sources */,
				E12CCFC31A27D36000EFC209 /* PCFRemoteClient.m in Sources */,
				E12CCFC71A27D36000EFC209 /* PCFRequestCache.m in Sources */,
			);
			runOnlyForDeploymentPostprocessing = 0;
		};
		E12CCF731A27D27B00EFC209 /* Sources */ = {
			isa = PBXSourcesBuildPhase;
			buildActionMask = 2147483647;
			files = (
				E12CCFDF1A27D37D00EFC209 /* PCFLocalStoreTests.m in Sources */,
				E12CCFE61A27D84300EFC209 /* PCFOfflineStoreTests.m in Sources */,
				E11765871A325BF800EF6B01 /* PCFEtagStoreTests.m in Sources */,
				E12CD0221A28F4D300EFC209 /* PCFRequestCacheTests.m in Sources */,
				E12CCFDD1A27D37D00EFC209 /* PCFDataObjectTests.m in Sources */,
				E11766131A38E13E00EF6B01 /* PCFLoggerTests.m in Sources */,
				E12CCFDE1A27D37D00EFC209 /* PCFDataTests.m in Sources */,
				E12CD0201A28F29D00EFC209 /* PCFRemoteClientTests.m in Sources */,
				E11765AC1A3640CC00EF6B01 /* PCFConfigTests.m in Sources */,
				E12CCFE21A27D37D00EFC209 /* PCFResponseTests.m in Sources */,
				E12CCFE11A27D37D00EFC209 /* PCFRemoteStoreTests.m in Sources */,
			);
			runOnlyForDeploymentPostprocessing = 0;
		};
/* End PBXSourcesBuildPhase section */

/* Begin PBXTargetDependency section */
		E12CCF7A1A27D27B00EFC209 /* PBXTargetDependency */ = {
			isa = PBXTargetDependency;
			target = E12CCF6B1A27D27B00EFC209 /* PCFData */;
			targetProxy = E12CCF791A27D27B00EFC209 /* PBXContainerItemProxy */;
		};
/* End PBXTargetDependency section */

/* Begin XCBuildConfiguration section */
		E12CCF801A27D27B00EFC209 /* Debug */ = {
			isa = XCBuildConfiguration;
			buildSettings = {
				ALWAYS_SEARCH_USER_PATHS = NO;
				CLANG_CXX_LANGUAGE_STANDARD = "gnu++0x";
				CLANG_CXX_LIBRARY = "libc++";
				CLANG_ENABLE_MODULES = YES;
				CLANG_ENABLE_OBJC_ARC = YES;
				CLANG_WARN_BOOL_CONVERSION = YES;
				CLANG_WARN_CONSTANT_CONVERSION = YES;
				CLANG_WARN_DIRECT_OBJC_ISA_USAGE = YES_ERROR;
				CLANG_WARN_EMPTY_BODY = YES;
				CLANG_WARN_ENUM_CONVERSION = YES;
				CLANG_WARN_INT_CONVERSION = YES;
				CLANG_WARN_OBJC_ROOT_CLASS = YES_ERROR;
				CLANG_WARN_UNREACHABLE_CODE = YES;
				CLANG_WARN__DUPLICATE_METHOD_MATCH = YES;
				"CODE_SIGN_IDENTITY[sdk=iphoneos*]" = "iPhone Developer";
				COPY_PHASE_STRIP = NO;
				CURRENT_PROJECT_VERSION = 1;
				ENABLE_STRICT_OBJC_MSGSEND = YES;
				GCC_C_LANGUAGE_STANDARD = gnu99;
				GCC_DYNAMIC_NO_PIC = NO;
				GCC_OPTIMIZATION_LEVEL = 0;
				GCC_PREPROCESSOR_DEFINITIONS = (
					"DEBUG=1",
					"$(inherited)",
				);
				GCC_SYMBOLS_PRIVATE_EXTERN = NO;
				GCC_WARN_64_TO_32_BIT_CONVERSION = YES;
				GCC_WARN_ABOUT_RETURN_TYPE = YES_ERROR;
				GCC_WARN_UNDECLARED_SELECTOR = YES;
				GCC_WARN_UNINITIALIZED_AUTOS = YES_AGGRESSIVE;
				GCC_WARN_UNUSED_FUNCTION = YES;
				GCC_WARN_UNUSED_VARIABLE = YES;
				IPHONEOS_DEPLOYMENT_TARGET = 8.1;
				MTL_ENABLE_DEBUG_INFO = YES;
				ONLY_ACTIVE_ARCH = YES;
				SDKROOT = iphoneos;
				TARGETED_DEVICE_FAMILY = "1,2";
				VERSIONING_SYSTEM = "apple-generic";
				VERSION_INFO_PREFIX = "";
			};
			name = Debug;
		};
		E12CCF811A27D27B00EFC209 /* Release */ = {
			isa = XCBuildConfiguration;
			buildSettings = {
				ALWAYS_SEARCH_USER_PATHS = NO;
				CLANG_CXX_LANGUAGE_STANDARD = "gnu++0x";
				CLANG_CXX_LIBRARY = "libc++";
				CLANG_ENABLE_MODULES = YES;
				CLANG_ENABLE_OBJC_ARC = YES;
				CLANG_WARN_BOOL_CONVERSION = YES;
				CLANG_WARN_CONSTANT_CONVERSION = YES;
				CLANG_WARN_DIRECT_OBJC_ISA_USAGE = YES_ERROR;
				CLANG_WARN_EMPTY_BODY = YES;
				CLANG_WARN_ENUM_CONVERSION = YES;
				CLANG_WARN_INT_CONVERSION = YES;
				CLANG_WARN_OBJC_ROOT_CLASS = YES_ERROR;
				CLANG_WARN_UNREACHABLE_CODE = YES;
				CLANG_WARN__DUPLICATE_METHOD_MATCH = YES;
				"CODE_SIGN_IDENTITY[sdk=iphoneos*]" = "iPhone Developer";
				COPY_PHASE_STRIP = YES;
				CURRENT_PROJECT_VERSION = 1;
				ENABLE_NS_ASSERTIONS = NO;
				ENABLE_STRICT_OBJC_MSGSEND = YES;
				GCC_C_LANGUAGE_STANDARD = gnu99;
				GCC_WARN_64_TO_32_BIT_CONVERSION = YES;
				GCC_WARN_ABOUT_RETURN_TYPE = YES_ERROR;
				GCC_WARN_UNDECLARED_SELECTOR = YES;
				GCC_WARN_UNINITIALIZED_AUTOS = YES_AGGRESSIVE;
				GCC_WARN_UNUSED_FUNCTION = YES;
				GCC_WARN_UNUSED_VARIABLE = YES;
				IPHONEOS_DEPLOYMENT_TARGET = 8.1;
				MTL_ENABLE_DEBUG_INFO = NO;
				SDKROOT = iphoneos;
				TARGETED_DEVICE_FAMILY = "1,2";
				VALIDATE_PRODUCT = YES;
				VERSIONING_SYSTEM = "apple-generic";
				VERSION_INFO_PREFIX = "";
			};
			name = Release;
		};
		E12CCF831A27D27B00EFC209 /* Debug */ = {
			isa = XCBuildConfiguration;
			buildSettings = {
				DEFINES_MODULE = YES;
				DYLIB_COMPATIBILITY_VERSION = 1;
				DYLIB_CURRENT_VERSION = 1;
				DYLIB_INSTALL_NAME_BASE = "@rpath";
				INFOPLIST_FILE = PCFData/Info.plist;
				INSTALL_PATH = "$(LOCAL_LIBRARY_DIR)/Frameworks";
				LD_RUNPATH_SEARCH_PATHS = "$(inherited) @executable_path/Frameworks @loader_path/Frameworks";
				ONLY_ACTIVE_ARCH = NO;
				OTHER_LDFLAGS = "-ObjC";
				PRODUCT_NAME = "$(TARGET_NAME)";
				SKIP_INSTALL = YES;
			};
			name = Debug;
		};
		E12CCF841A27D27B00EFC209 /* Release */ = {
			isa = XCBuildConfiguration;
			buildSettings = {
				DEFINES_MODULE = YES;
				DYLIB_COMPATIBILITY_VERSION = 1;
				DYLIB_CURRENT_VERSION = 1;
				DYLIB_INSTALL_NAME_BASE = "@rpath";
				INFOPLIST_FILE = PCFData/Info.plist;
				INSTALL_PATH = "$(LOCAL_LIBRARY_DIR)/Frameworks";
				LD_RUNPATH_SEARCH_PATHS = "$(inherited) @executable_path/Frameworks @loader_path/Frameworks";
				OTHER_LDFLAGS = "-ObjC";
				PRODUCT_NAME = "$(TARGET_NAME)";
				SKIP_INSTALL = YES;
			};
			name = Release;
		};
		E12CCF861A27D27B00EFC209 /* Debug */ = {
			isa = XCBuildConfiguration;
			buildSettings = {
				FRAMEWORK_SEARCH_PATHS = (
					"$(SDKROOT)/Developer/Library/Frameworks",
					"$(inherited)",
				);
				GCC_PREPROCESSOR_DEFINITIONS = (
					"DEBUG=1",
					"$(inherited)",
				);
				HEADER_SEARCH_PATHS = (
					"$(inherited)",
					/Applications/Xcode.app/Contents/Developer/Toolchains/XcodeDefault.xctoolchain/usr/include,
					"$(PROJECT_DIR)/PCFDataTests/ThirdParty/OCMockiOS",
				);
				INFOPLIST_FILE = PCFDataTests/Info.plist;
				LD_RUNPATH_SEARCH_PATHS = "$(inherited) @executable_path/Frameworks @loader_path/Frameworks";
				LIBRARY_SEARCH_PATHS = (
					"$(inherited)",
					"$(PROJECT_DIR)/PCFDataTests/ThirdParty/OCMockiOS",
				);
				OTHER_LDFLAGS = (
					"$(inherited)",
					"-framework",
					XCTest,
					"-ObjC",
				);
				PRODUCT_NAME = "$(TARGET_NAME)";
			};
			name = Debug;
		};
		E12CCF871A27D27B00EFC209 /* Release */ = {
			isa = XCBuildConfiguration;
			buildSettings = {
				FRAMEWORK_SEARCH_PATHS = (
					"$(SDKROOT)/Developer/Library/Frameworks",
					"$(inherited)",
				);
				HEADER_SEARCH_PATHS = (
					"$(inherited)",
					/Applications/Xcode.app/Contents/Developer/Toolchains/XcodeDefault.xctoolchain/usr/include,
					"$(PROJECT_DIR)/PCFDataTests/ThirdParty/OCMockiOS",
				);
				INFOPLIST_FILE = PCFDataTests/Info.plist;
				LD_RUNPATH_SEARCH_PATHS = "$(inherited) @executable_path/Frameworks @loader_path/Frameworks";
				LIBRARY_SEARCH_PATHS = (
					"$(inherited)",
					"$(PROJECT_DIR)/PCFDataTests/ThirdParty/OCMockiOS",
				);
				OTHER_LDFLAGS = (
					"$(inherited)",
					"-framework",
					XCTest,
					"-ObjC",
				);
				PRODUCT_NAME = "$(TARGET_NAME)";
			};
			name = Release;
		};
		E12CD02B1A2E2E6600EFC209 /* Debug */ = {
			isa = XCBuildConfiguration;
			buildSettings = {
				PRODUCT_NAME = "$(TARGET_NAME)";
			};
			name = Debug;
		};
		E12CD02C1A2E2E6600EFC209 /* Release */ = {
			isa = XCBuildConfiguration;
			buildSettings = {
				PRODUCT_NAME = "$(TARGET_NAME)";
			};
			name = Release;
		};
/* End XCBuildConfiguration section */

/* Begin XCConfigurationList section */
		E12CCF661A27D27B00EFC209 /* Build configuration list for PBXProject "PCFData" */ = {
			isa = XCConfigurationList;
			buildConfigurations = (
				E12CCF801A27D27B00EFC209 /* Debug */,
				E12CCF811A27D27B00EFC209 /* Release */,
			);
			defaultConfigurationIsVisible = 0;
			defaultConfigurationName = Release;
		};
		E12CCF821A27D27B00EFC209 /* Build configuration list for PBXNativeTarget "PCFData" */ = {
			isa = XCConfigurationList;
			buildConfigurations = (
				E12CCF831A27D27B00EFC209 /* Debug */,
				E12CCF841A27D27B00EFC209 /* Release */,
			);
			defaultConfigurationIsVisible = 0;
			defaultConfigurationName = Release;
		};
		E12CCF851A27D27B00EFC209 /* Build configuration list for PBXNativeTarget "PCFDataTests" */ = {
			isa = XCConfigurationList;
			buildConfigurations = (
				E12CCF861A27D27B00EFC209 /* Debug */,
				E12CCF871A27D27B00EFC209 /* Release */,
			);
			defaultConfigurationIsVisible = 0;
			defaultConfigurationName = Release;
		};
		E12CD02A1A2E2E6600EFC209 /* Build configuration list for PBXAggregateTarget "PCFUniversal" */ = {
			isa = XCConfigurationList;
			buildConfigurations = (
				E12CD02B1A2E2E6600EFC209 /* Debug */,
				E12CD02C1A2E2E6600EFC209 /* Release */,
			);
			defaultConfigurationIsVisible = 0;
			defaultConfigurationName = Release;
		};
/* End XCConfigurationList section */
	};
	rootObject = E12CCF631A27D27B00EFC209 /* Project object */;
}
